
Microsoft Visual Studio Solution File, Format Version 12.00
# Visual Studio Version 16
VisualStudioVersion = 16.0.31129.286
MinimumVisualStudioVersion = 10.0.40219.1
Project("{FAE04EC0-301F-11D3-BF4B-00C04F79EFBC}") = "sinavyonetimsistemiyunus", "sinavyonetimsistemiyunus\sinavyonetimsistemiyunus.csproj", "{0156EA7F-0202-4365-9C4A-91CE9E94C452}"
EndProject
Global
	GlobalSection(SolutionConfigurationPlatforms) = preSolution
		Debug|Any CPU = Debug|Any CPU
		Release|Any CPU = Release|Any CPU
	EndGlobalSection
	GlobalSection(ProjectConfigurationPlatforms) = postSolution
		{0156EA7F-0202-4365-9C4A-91CE9E94C452}.Debug|Any CPU.ActiveCfg = Debug|Any CPU
		{0156EA7F-0202-4365-9C4A-91CE9E94C452}.Debug|Any CPU.Build.0 = Debug|Any CPU
		{0156EA7F-0202-4365-9C4A-91CE9E94C452}.Release|Any CPU.ActiveCfg = Release|Any CPU
		{0156EA7F-0202-4365-9C4A-91CE9E94C452}.Release|Any CPU.Build.0 = Release|Any CPU
	EndGlobalSection
	GlobalSection(SolutionProperties) = preSolution
		HideSolutionNode = FALSE
	EndGlobalSection
	GlobalSection(ExtensibilityGlobals) = postSolution
		SolutionGuid = {1B64C3DB-88A6-4314-A269-134720E6224E}
	EndGlobalSection
EndGlobal
